
Microsoft Visual Studio Solution File, Format Version 12.00
# Visual Studio Version 17
VisualStudioVersion = 17.9.34723.18
MinimumVisualStudioVersion = 10.0.40219.1
Project("{9A19103F-16F7-4668-BE54-9A1E7A4F7556}") = "IBM i Access Client Solutions Connection Tool", "IBM i Access Client Solutions Connection Tool.csproj", "{64075F2C-AE8A-413D-8E1C-512F6C94F22D}"
EndProject
Project("{54435603-DBB4-11D2-8724-00A0C9A8B90C}") = "ACS-WAP-Connection-Tool-Setup", "..\ACS-WAP-Connection-Tool-Setup\ACS-WAP-Connection-Tool-Setup.vdproj", "{D59B6700-D36E-4F77-96C2-2FAD8ED867C4}"
EndProject
Global
	GlobalSection(SolutionConfigurationPlatforms) = preSolution
		All|Any CPU = All|Any CPU
		Debug|Any CPU = Debug|Any CPU
		Release|Any CPU = Release|Any CPU
	EndGlobalSection
	GlobalSection(ProjectConfigurationPlatforms) = postSolution
		{64075F2C-AE8A-413D-8E1C-512F6C94F22D}.All|Any CPU.ActiveCfg = Release|Any CPU
		{64075F2C-AE8A-413D-8E1C-512F6C94F22D}.All|Any CPU.Build.0 = Release|Any CPU
		{64075F2C-AE8A-413D-8E1C-512F6C94F22D}.Debug|Any CPU.ActiveCfg = Debug|Any CPU
		{64075F2C-AE8A-413D-8E1C-512F6C94F22D}.Debug|Any CPU.Build.0 = Debug|Any CPU
		{64075F2C-AE8A-413D-8E1C-512F6C94F22D}.Release|Any CPU.ActiveCfg = Release|Any CPU
		{64075F2C-AE8A-413D-8E1C-512F6C94F22D}.Release|Any CPU.Build.0 = Release|Any CPU
		{D59B6700-D36E-4F77-96C2-2FAD8ED867C4}.All|Any CPU.ActiveCfg = Debug
		{D59B6700-D36E-4F77-96C2-2FAD8ED867C4}.Debug|Any CPU.ActiveCfg = Debug
		{D59B6700-D36E-4F77-96C2-2FAD8ED867C4}.Release|Any CPU.ActiveCfg = Release
	EndGlobalSection
	GlobalSection(SolutionProperties) = preSolution
		HideSolutionNode = FALSE
	EndGlobalSection
	GlobalSection(ExtensibilityGlobals) = postSolution
		SolutionGuid = {FD48CE54-71FB-4F7F-8512-0CA06C6066D6}
	EndGlobalSection
EndGlobal
